// !$*UTF8*$!
{
	archiveVersion = 1;
	classes = {
	};
	objectVersion = 50;
	objects = {

/* Begin PBXBuildFile section */
		D85A8EF029E515AC00191339 /* AppDelegate.swift in Sources */ = {isa = PBXBuildFile; fileRef = D85A8EEF29E515AC00191339 /* AppDelegate.swift */; };
		D85A8EF229E515AD00191339 /* SceneDelegate.swift in Sources */ = {isa = PBXBuildFile; fileRef = D85A8EF129E515AD00191339 /* SceneDelegate.swift */; };
		D85A8EF429E515AD00191339 /* ViewController.swift in Sources */ = {isa = PBXBuildFile; fileRef = D85A8EF329E515AD00191339 /* ViewController.swift */; };
		D85A8EF729E515AD00191339 /* Main.storyboard in Resources */ = {isa = PBXBuildFile; fileRef = D85A8EF529E515AD00191339 /* Main.storyboard */; };
		D85A8EF929E515AF00191339 /* Assets.xcassets in Resources */ = {isa = PBXBuildFile; fileRef = D85A8EF829E515AF00191339 /* Assets.xcassets */; };
		D85A8EFC29E515AF00191339 /* LaunchScreen.storyboard in Resources */ = {isa = PBXBuildFile; fileRef = D85A8EFA29E515AF00191339 /* LaunchScreen.storyboard */; };
		D85A8F0829E51D9600191339 /* Story.swift in Sources */ = {isa = PBXBuildFile; fileRef = D85A8F0729E51D9600191339 /* Story.swift */; };
		D85A8F1229E520AC00191339 /* StroyBrain.swift in Sources */ = {isa = PBXBuildFile; fileRef = D85A8F1129E520AC00191339 /* StroyBrain.swift */; };
/* End PBXBuildFile section */

/* Begin PBXFileReference section */
		D85A8EEC29E515AC00191339 /* OwnAdventure.app */ = {isa = PBXFileReference; explicitFileType = wrapper.application; includeInIndex = 0; path = OwnAdventure.app; sourceTree = BUILT_PRODUCTS_DIR; };
		D85A8EEF29E515AC00191339 /* AppDelegate.swift */ = {isa = PBXFileReference; lastKnownFileType = sourcecode.swift; path = AppDelegate.swift; sourceTree = "<group>"; };
		D85A8EF129E515AD00191339 /* SceneDelegate.swift */ = {isa = PBXFileReference; lastKnownFileType = sourcecode.swift; path = SceneDelegate.swift; sourceTree = "<group>"; };
		D85A8EF329E515AD00191339 /* ViewController.swift */ = {isa = PBXFileReference; lastKnownFileType = sourcecode.swift; path = ViewController.swift; sourceTree = "<group>"; };
		D85A8EF629E515AD00191339 /* Base */ = {isa = PBXFileReference; lastKnownFileType = file.storyboard; name = Base; path = Base.lproj/Main.storyboard; sourceTree = "<group>"; };
		D85A8EF829E515AF00191339 /* Assets.xcassets */ = {isa = PBXFileReference; lastKnownFileType = folder.assetcatalog; path = Assets.xcassets; sourceTree = "<group>"; };
		D85A8EFB29E515AF00191339 /* Base */ = {isa = PBXFileReference; lastKnownFileType = file.storyboard; name = Base; path = Base.lproj/LaunchScreen.storyboard; sourceTree = "<group>"; };
		D85A8EFD29E515AF00191339 /* Info.plist */ = {isa = PBXFileReference; lastKnownFileType = text.plist.xml; path = Info.plist; sourceTree = "<group>"; };
		D85A8F0729E51D9600191339 /* Story.swift */ = {isa = PBXFileReference; lastKnownFileType = sourcecode.swift; path = Story.swift; sourceTree = "<group>"; };
		D85A8F1129E520AC00191339 /* StroyBrain.swift */ = {isa = PBXFileReference; lastKnownFileType = sourcecode.swift; path = StroyBrain.swift; sourceTree = "<group>"; };
/* End PBXFileReference section */

/* Begin PBXFrameworksBuildPhase section */
		D85A8EE929E515AC00191339 /* Frameworks */ = {
			isa = PBXFrameworksBuildPhase;
			buildActionMask = 2147483647;
			files = (
			);
			runOnlyForDeploymentPostprocessing = 0;
		};
/* End PBXFrameworksBuildPhase section */

/* Begin PBXGroup section */
		D85A8EE329E515AC00191339 = {
			isa = PBXGroup;
			children = (
				D85A8EEE29E515AC00191339 /* OwnAdventure */,
				D85A8EED29E515AC00191339 /* Products */,
			);
			sourceTree = "<group>";
		};
		D85A8EED29E515AC00191339 /* Products */ = {
			isa = PBXGroup;
			children = (
				D85A8EEC29E515AC00191339 /* OwnAdventure.app */,
			);
			name = Products;
			sourceTree = "<group>";
		};
		D85A8EEE29E515AC00191339 /* OwnAdventure */ = {
			isa = PBXGroup;
			children = (
				D85A8EEF29E515AC00191339 /* AppDelegate.swift */,
				D85A8EF129E515AD00191339 /* SceneDelegate.swift */,
				D85A8F0B29E51D9E00191339 /* Models */,
				D85A8F0629E51D7A00191339 /* Controller */,
				D85A8F0529E51D6B00191339 /* View */,
				D85A8EF829E515AF00191339 /* Assets.xcassets */,
				D85A8EFA29E515AF00191339 /* LaunchScreen.storyboard */,
				D85A8EFD29E515AF00191339 /* Info.plist */,
			);
			path = OwnAdventure;
			sourceTree = "<group>";
		};
		D85A8F0529E51D6B00191339 /* View */ = {
			isa = PBXGroup;
			children = (
				D85A8EF529E515AD00191339 /* Main.storyboard */,
			);
			path = View;
			sourceTree = "<group>";
		};
		D85A8F0629E51D7A00191339 /* Controller */ = {
			isa = PBXGroup;
			children = (
				D85A8EF329E515AD00191339 /* ViewController.swift */,
			);
			path = Controller;
			sourceTree = "<group>";
		};
		D85A8F0B29E51D9E00191339 /* Models */ = {
			isa = PBXGroup;
			children = (
				D85A8F0729E51D9600191339 /* Story.swift */,
				D85A8F1129E520AC00191339 /* StroyBrain.swift */,
			);
			path = Models;
			sourceTree = "<group>";
		};
/* End PBXGroup section */

/* Begin PBXNativeTarget section */
		D85A8EEB29E515AC00191339 /* OwnAdventure */ = {
			isa = PBXNativeTarget;
			buildConfigurationList = D85A8F0029E515AF00191339 /* Build configuration list for PBXNativeTarget "OwnAdventure" */;
			buildPhases = (
				D85A8EE829E515AC00191339 /* Sources */,
				D85A8EE929E515AC00191339 /* Frameworks */,
				D85A8EEA29E515AC00191339 /* Resources */,
			);
			buildRules = (
			);
			dependencies = (
			);
			name = OwnAdventure;
			productName = OwnAdventure;
			productReference = D85A8EEC29E515AC00191339 /* OwnAdventure.app */;
			productType = "com.apple.product-type.application";
		};
/* End PBXNativeTarget section */

/* Begin PBXProject section */
		D85A8EE429E515AC00191339 /* Project object */ = {
			isa = PBXProject;
			attributes = {
				LastSwiftUpdateCheck = 1240;
				LastUpgradeCheck = 1240;
				TargetAttributes = {
					D85A8EEB29E515AC00191339 = {
						CreatedOnToolsVersion = 12.4;
					};
				};
			};
			buildConfigurationList = D85A8EE729E515AC00191339 /* Build configuration list for PBXProject "OwnAdventure" */;
			compatibilityVersion = "Xcode 9.3";
			developmentRegion = en;
			hasScannedForEncodings = 0;
			knownRegions = (
				en,
				Base,
			);
			mainGroup = D85A8EE329E515AC00191339;
			productRefGroup = D85A8EED29E515AC00191339 /* Products */;
			projectDirPath = "";
			projectRoot = "";
			targets = (
				D85A8EEB29E515AC00191339 /* OwnAdventure */,
			);
		};
/* End PBXProject section */

/* Begin PBXResourcesBuildPhase section */
		D85A8EEA29E515AC00191339 /* Resources */ = {
			isa = PBXResourcesBuildPhase;
			buildActionMask = 2147483647;
			files = (
				D85A8EFC29E515AF00191339 /* LaunchScreen.storyboard in Resources */,
				D85A8EF929E515AF00191339 /* Assets.xcassets in Resources */,
				D85A8EF729E515AD00191339 /* Main.storyboard in Resources */,
			);
			runOnlyForDeploymentPostprocessing = 0;
		};
/* End PBXResourcesBuildPhase section */

/* Begin PBXSourcesBuildPhase section */
		D85A8EE829E515AC00191339 /* Sources */ = {
			isa = PBXSourcesBuildPhase;
			buildActionMask = 2147483647;
			files = (
				D85A8F1229E520AC00191339 /* StroyBrain.swift in Sources */,
				D85A8EF429E515AD00191339 /* ViewController.swift in Sources */,
				D85A8EF029E515AC00191339 /* AppDelegate.swift in Sources */,
				D85A8EF229E515AD00191339 /* SceneDelegate.swift in Sources */,
				D85A8F0829E51D9600191339 /* Story.swift in Sources */,
			);
			runOnlyForDeploymentPostprocessing = 0;
		};
/* End PBXSourcesBuildPhase section */

/* Begin PBXVariantGroup section */
		D85A8EF529E515AD00191339 /* Main.storyboard */ = {
			isa = PBXVariantGroup;
			children = (
				D85A8EF629E515AD00191339 /* Base */,
			);
			name = Main.storyboard;
			sourceTree = "<group>";
		};
		D85A8EFA29E515AF00191339 /* LaunchScreen.storyboard */ = {
			isa = PBXVariantGroup;
			children = (
				D85A8EFB29E515AF00191339 /* Base */,
			);
			name = LaunchScreen.storyboard;
			sourceTree = "<group>";
		};
/* End PBXVariantGroup section */

/* Begin XCBuildConfiguration section */
		D85A8EFE29E515AF00191339 /* Debug */ = {
			isa = XCBuildConfiguration;
			buildSettings = {
				ALWAYS_SEARCH_USER_PATHS = NO;
				CLANG_ANALYZER_NONNULL = YES;
				CLANG_ANALYZER_NUMBER_OBJECT_CONVERSION = YES_AGGRESSIVE;
				CLANG_CXX_LANGUAGE_STANDARD = "gnu++14";
				CLANG_CXX_LIBRARY = "libc++";
				CLANG_ENABLE_MODULES = YES;
				CLANG_ENABLE_OBJC_ARC = YES;
				CLANG_ENABLE_OBJC_WEAK = YES;
				CLANG_WARN_BLOCK_CAPTURE_AUTORELEASING = YES;
				CLANG_WARN_BOOL_CONVERSION = YES;
				CLANG_WARN_COMMA = YES;
				CLANG_WARN_CONSTANT_CONVERSION = YES;
				CLANG_WARN_DEPRECATED_OBJC_IMPLEMENTATIONS = YES;
				CLANG_WARN_DIRECT_OBJC_ISA_USAGE = YES_ERROR;
				CLANG_WARN_DOCUMENTATION_COMMENTS = YES;
				CLANG_WARN_EMPTY_BODY = YES;
				CLANG_WARN_ENUM_CONVERSION = YES;
				CLANG_WARN_INFINITE_RECURSION = YES;
				CLANG_WARN_INT_CONVERSION = YES;
				CLANG_WARN_NON_LITERAL_NULL_CONVERSION = YES;
				CLANG_WARN_OBJC_IMPLICIT_RETAIN_SELF = YES;
				CLANG_WARN_OBJC_LITERAL_CONVERSION = YES;
				CLANG_WARN_OBJC_ROOT_CLASS = YES_ERROR;
				CLANG_WARN_QUOTED_INCLUDE_IN_FRAMEWORK_HEADER = YES;
				CLANG_WARN_RANGE_LOOP_ANALYSIS = YES;
				CLANG_WARN_STRICT_PROTOTYPES = YES;
				CLANG_WARN_SUSPICIOUS_MOVE = YES;
				CLANG_WARN_UNGUARDED_AVAILABILITY = YES_AGGRESSIVE;
				CLANG_WARN_UNREACHABLE_CODE = YES;
				CLANG_WARN__DUPLICATE_METHOD_MATCH = YES;
				COPY_PHASE_STRIP = NO;
				DEBUG_INFORMATION_FORMAT = dwarf;
				ENABLE_STRICT_OBJC_MSGSEND = YES;
				ENABLE_TESTABILITY = YES;
				GCC_C_LANGUAGE_STANDARD = gnu11;
				GCC_DYNAMIC_NO_PIC = NO;
				GCC_NO_COMMON_BLOCKS = YES;
				GCC_OPTIMIZATION_LEVEL = 0;
				GCC_PREPROCESSOR_DEFINITIONS = (
					"DEBUG=1",
					"$(inherited)",
				);
				GCC_WARN_64_TO_32_BIT_CONVERSION = YES;
				GCC_WARN_ABOUT_RETURN_TYPE = YES_ERROR;
				GCC_WARN_UNDECLARED_SELECTOR = YES;
				GCC_WARN_UNINITIALIZED_AUTOS = YES_AGGRESSIVE;
				GCC_WARN_UNUSED_FUNCTION = YES;
				GCC_WARN_UNUSED_VARIABLE = YES;
				IPHONEOS_DEPLOYMENT_TARGET = 14.4;
				MTL_ENABLE_DEBUG_INFO = INCLUDE_SOURCE;
				MTL_FAST_MATH = YES;
				ONLY_ACTIVE_ARCH = YES;
				SDKROOT = iphoneos;
				SWIFT_ACTIVE_COMPILATION_CONDITIONS = DEBUG;
				SWIFT_OPTIMIZATION_LEVEL = "-Onone";
			};
			name = Debug;
		};
		D85A8EFF29E515AF00191339 /* Release */ = {
			isa = XCBuildConfiguration;
			buildSettings = {
				ALWAYS_SEARCH_USER_PATHS = NO;
				CLANG_ANALYZER_NONNULL = YES;
				CLANG_ANALYZER_NUMBER_OBJECT_CONVERSION = YES_AGGRESSIVE;
				CLANG_CXX_LANGUAGE_STANDARD = "gnu++14";
				CLANG_CXX_LIBRARY = "libc++";
				CLANG_ENABLE_MODULES = YES;
				CLANG_ENABLE_OBJC_ARC = YES;
				CLANG_ENABLE_OBJC_WEAK = YES;
				CLANG_WARN_BLOCK_CAPTURE_AUTORELEASING = YES;
				CLANG_WARN_BOOL_CONVERSION = YES;
				CLANG_WARN_COMMA = YES;
				CLANG_WARN_CONSTANT_CONVERSION = YES;
				CLANG_WARN_DEPRECATED_OBJC_IMPLEMENTATIONS = YES;
				CLANG_WARN_DIRECT_OBJC_ISA_USAGE = YES_ERROR;
				CLANG_WARN_DOCUMENTATION_COMMENTS = YES;
				CLANG_WARN_EMPTY_BODY = YES;
				CLANG_WARN_ENUM_CONVERSION = YES;
				CLANG_WARN_INFINITE_RECURSION = YES;
				CLANG_WARN_INT_CONVERSION = YES;
				CLANG_WARN_NON_LITERAL_NULL_CONVERSION = YES;
				CLANG_WARN_OBJC_IMPLICIT_RETAIN_SELF = YES;
				CLANG_WARN_OBJC_LITERAL_CONVERSION = YES;
				CLANG_WARN_OBJC_ROOT_CLASS = YES_ERROR;
				CLANG_WARN_QUOTED_INCLUDE_IN_FRAMEWORK_HEADER = YES;
				CLANG_WARN_RANGE_LOOP_ANALYSIS = YES;
				CLANG_WARN_STRICT_PROTOTYPES = YES;
				CLANG_WARN_SUSPICIOUS_MOVE = YES;
				CLANG_WARN_UNGUARDED_AVAILABILITY = YES_AGGRESSIVE;
				CLANG_WARN_UNREACHABLE_CODE = YES;
				CLANG_WARN__DUPLICATE_METHOD_MATCH = YES;
				COPY_PHASE_STRIP = NO;
				DEBUG_INFORMATION_FORMAT = "dwarf-with-dsym";
				ENABLE_NS_ASSERTIONS = NO;
				ENABLE_STRICT_OBJC_MSGSEND = YES;
				GCC_C_LANGUAGE_STANDARD = gnu11;
				GCC_NO_COMMON_BLOCKS = YES;
				GCC_WARN_64_TO_32_BIT_CONVERSION = YES;
				GCC_WARN_ABOUT_RETURN_TYPE = YES_ERROR;
				GCC_WARN_UNDECLARED_SELECTOR = YES;
				GCC_WARN_UNINITIALIZED_AUTOS = YES_AGGRESSIVE;
				GCC_WARN_UNUSED_FUNCTION = YES;
				GCC_WARN_UNUSED_VARIABLE = YES;
				IPHONEOS_DEPLOYMENT_TARGET = 14.4;
				MTL_ENABLE_DEBUG_INFO = NO;
				MTL_FAST_MATH = YES;
				SDKROOT = iphoneos;
				SWIFT_COMPILATION_MODE = wholemodule;
				SWIFT_OPTIMIZATION_LEVEL = "-O";
				VALIDATE_PRODUCT = YES;
			};
			name = Release;
		};
		D85A8F0129E515AF00191339 /* Debug */ = {
			isa = XCBuildConfiguration;
			buildSettings = {
				ASSETCATALOG_COMPILER_APPICON_NAME = AppIcon;
				ASSETCATALOG_COMPILER_GLOBAL_ACCENT_COLOR_NAME = AccentColor;
				CODE_SIGN_STYLE = Automatic;
				INFOPLIST_FILE = OwnAdventure/Info.plist;
				LD_RUNPATH_SEARCH_PATHS = (
					"$(inherited)",
					"@executable_path/Frameworks",
				);
				PRODUCT_BUNDLE_IDENTIFIER = varun.OwnAdventure;
				PRODUCT_NAME = "$(TARGET_NAME)";
				SWIFT_VERSION = 5.0;
				TARGETED_DEVICE_FAMILY = "1,2";
			};
			name = Debug;
		};
		D85A8F0229E515AF00191339 /* Release */ = {
			isa = XCBuildConfiguration;
			buildSettings = {
				ASSETCATALOG_COMPILER_APPICON_NAME = AppIcon;
				ASSETCATALOG_COMPILER_GLOBAL_ACCENT_COLOR_NAME = AccentColor;
				CODE_SIGN_STYLE = Automatic;
				INFOPLIST_FILE = OwnAdventure/Info.plist;
				LD_RUNPATH_SEARCH_PATHS = (
					"$(inherited)",
					"@executable_path/Frameworks",
				);
				PRODUCT_BUNDLE_IDENTIFIER = varun.OwnAdventure;
				PRODUCT_NAME = "$(TARGET_NAME)";
				SWIFT_VERSION = 5.0;
				TARGETED_DEVICE_FAMILY = "1,2";
			};
			name = Release;
		};
/* End XCBuildConfiguration section */

/* Begin XCConfigurationList section */
		D85A8EE729E515AC00191339 /* Build configuration list for PBXProject "OwnAdventure" */ = {
			isa = XCConfigurationList;
			buildConfigurations = (
				D85A8EFE29E515AF00191339 /* Debug */,
				D85A8EFF29E515AF00191339 /* Release */,
			);
			defaultConfigurationIsVisible = 0;
			defaultConfigurationName = Release;
		};
		D85A8F0029E515AF00191339 /* Build configuration list for PBXNativeTarget "OwnAdventure" */ = {
			isa = XCConfigurationList;
			buildConfigurations = (
				D85A8F0129E515AF00191339 /* Debug */,
				D85A8F0229E515AF00191339 /* Release */,
			);
			defaultConfigurationIsVisible = 0;
			defaultConfigurationName = Release;
		};
/* End XCConfigurationList section */
	};
	rootObject = D85A8EE429E515AC00191339 /* Project object */;
}
